// !$*UTF8*$!
{
	archiveVersion = 1;
	classes = {
	};
	objectVersion = 50;
	objects = {

/* Begin PBXBuildFile section */
		370F1B4320FEA79900F003F0 /* AppDelegate.swift in Sources */ = {isa = PBXBuildFile; fileRef = 370F1B4220FEA79900F003F0 /* AppDelegate.swift */; };
		370F1B4520FEA79900F003F0 /* ViewController.swift in Sources */ = {isa = PBXBuildFile; fileRef = 370F1B4420FEA79900F003F0 /* ViewController.swift */; };
		370F1B4820FEA79900F003F0 /* Main.storyboard in Resources */ = {isa = PBXBuildFile; fileRef = 370F1B4620FEA79900F003F0 /* Main.storyboard */; };
		370F1B4A20FEA79B00F003F0 /* Assets.xcassets in Resources */ = {isa = PBXBuildFile; fileRef = 370F1B4920FEA79B00F003F0 /* Assets.xcassets */; };
		370F1B4D20FEA79B00F003F0 /* LaunchScreen.storyboard in Resources */ = {isa = PBXBuildFile; fileRef = 370F1B4B20FEA79B00F003F0 /* LaunchScreen.storyboard */; };
		377219212101397600C50CF8 /* UIButtonExtension.swift in Sources */ = {isa = PBXBuildFile; fileRef = 377219202101397600C50CF8 /* UIButtonExtension.swift */; };
/* End PBXBuildFile section */

/* Begin PBXFileReference section */
		370F1B3F20FEA79900F003F0 /* shamaz.app */ = {isa = PBXFileReference; explicitFileType = wrapper.application; includeInIndex = 0; path = shamaz.app; sourceTree = BUILT_PRODUCTS_DIR; };
		370F1B4220FEA79900F003F0 /* AppDelegate.swift */ = {isa = PBXFileReference; lastKnownFileType = sourcecode.swift; path = AppDelegate.swift; sourceTree = "<group>"; };
		370F1B4420FEA79900F003F0 /* ViewController.swift */ = {isa = PBXFileReference; lastKnownFileType = sourcecode.swift; path = ViewController.swift; sourceTree = "<group>"; };
		370F1B4720FEA79900F003F0 /* Base */ = {isa = PBXFileReference; lastKnownFileType = file.storyboard; name = Base; path = Base.lproj/Main.storyboard; sourceTree = "<group>"; };
		370F1B4920FEA79B00F003F0 /* Assets.xcassets */ = {isa = PBXFileReference; lastKnownFileType = folder.assetcatalog; path = Assets.xcassets; sourceTree = "<group>"; };
		370F1B4C20FEA79B00F003F0 /* Base */ = {isa = PBXFileReference; lastKnownFileType = file.storyboard; name = Base; path = Base.lproj/LaunchScreen.storyboard; sourceTree = "<group>"; };
		370F1B4E20FEA79B00F003F0 /* Info.plist */ = {isa = PBXFileReference; lastKnownFileType = text.plist.xml; path = Info.plist; sourceTree = "<group>"; };
		377219202101397600C50CF8 /* UIButtonExtension.swift */ = {isa = PBXFileReference; lastKnownFileType = sourcecode.swift; path = UIButtonExtension.swift; sourceTree = "<group>"; };
/* End PBXFileReference section */

/* Begin PBXFrameworksBuildPhase section */
		370F1B3C20FEA79800F003F0 /* Frameworks */ = {
			isa = PBXFrameworksBuildPhase;
			buildActionMask = 2147483647;
			files = (
			);
			runOnlyForDeploymentPostprocessing = 0;
		};
/* End PBXFrameworksBuildPhase section */

/* Begin PBXGroup section */
		370F1B3620FEA79800F003F0 = {
			isa = PBXGroup;
			children = (
				370F1B4120FEA79900F003F0 /* shamaz */,
				370F1B4020FEA79900F003F0 /* Products */,
			);
			sourceTree = "<group>";
		};
		370F1B4020FEA79900F003F0 /* Products */ = {
			isa = PBXGroup;
			children = (
				370F1B3F20FEA79900F003F0 /* shamaz.app */,
			);
			name = Products;
			sourceTree = "<group>";
		};
		370F1B4120FEA79900F003F0 /* shamaz */ = {
			isa = PBXGroup;
			children = (
				370F1B4220FEA79900F003F0 /* AppDelegate.swift */,
				370F1B4420FEA79900F003F0 /* ViewController.swift */,
				370F1B4620FEA79900F003F0 /* Main.storyboard */,
				370F1B4920FEA79B00F003F0 /* Assets.xcassets */,
				370F1B4B20FEA79B00F003F0 /* LaunchScreen.storyboard */,
				370F1B4E20FEA79B00F003F0 /* Info.plist */,
				377219202101397600C50CF8 /* UIButtonExtension.swift */,
			);
			path = shamaz;
			sourceTree = "<group>";
		};
/* End PBXGroup section */

/* Begin PBXNativeTarget section */
		370F1B3E20FEA79800F003F0 /* shamaz */ = {
			isa = PBXNativeTarget;
			buildConfigurationList = 370F1B5120FEA79B00F003F0 /* Build configuration list for PBXNativeTarget "shamaz" */;
			buildPhases = (
				370F1B3B20FEA79800F003F0 /* Sources */,
				370F1B3C20FEA79800F003F0 /* Frameworks */,
				370F1B3D20FEA79800F003F0 /* Resources */,
			);
			buildRules = (
			);
			dependencies = (
			);
			name = shamaz;
			productName = shamaz;
			productReference = 370F1B3F20FEA79900F003F0 /* shamaz.app */;
			productType = "com.apple.product-type.application";
		};
/* End PBXNativeTarget section */

/* Begin PBXProject section */
		370F1B3720FEA79800F003F0 /* Project object */ = {
			isa = PBXProject;
			attributes = {
				LastSwiftUpdateCheck = 0940;
				LastUpgradeCheck = 0940;
				ORGANIZATIONNAME = "Jorge Peguero";
				TargetAttributes = {
					370F1B3E20FEA79800F003F0 = {
						CreatedOnToolsVersion = 9.4.1;
					};
				};
			};
			buildConfigurationList = 370F1B3A20FEA79800F003F0 /* Build configuration list for PBXProject "shamaz" */;
			compatibilityVersion = "Xcode 9.3";
			developmentRegion = en;
			hasScannedForEncodings = 0;
			knownRegions = (
				en,
				Base,
			);
			mainGroup = 370F1B3620FEA79800F003F0;
			productRefGroup = 370F1B4020FEA79900F003F0 /* Products */;
			projectDirPath = "";
			projectRoot = "";
			targets = (
				370F1B3E20FEA79800F003F0 /* shamaz */,
			);
		};
/* End PBXProject section */

/* Begin PBXResourcesBuildPhase section */
		370F1B3D20FEA79800F003F0 /* Resources */ = {
			isa = PBXResourcesBuildPhase;
			buildActionMask = 2147483647;
			files = (
				370F1B4D20FEA79B00F003F0 /* LaunchScreen.storyboard in Resources */,
				370F1B4A20FEA79B00F003F0 /* Assets.xcassets in Resources */,
				370F1B4820FEA79900F003F0 /* Main.storyboard in Resources */,
			);
			runOnlyForDeploymentPostprocessing = 0;
		};
/* End PBXResourcesBuildPhase section */

/* Begin PBXSourcesBuildPhase section */
		370F1B3B20FEA79800F003F0 /* Sources */ = {
			isa = PBXSourcesBuildPhase;
			buildActionMask = 2147483647;
			files = (
				370F1B4520FEA79900F003F0 /* ViewController.swift in Sources */,
				370F1B4320FEA79900F003F0 /* AppDelegate.swift in Sources */,
				377219212101397600C50CF8 /* UIButtonExtension.swift in Sources */,
			);
			runOnlyForDeploymentPostprocessing = 0;
		};
/* End PBXSourcesBuildPhase section */

/* Begin PBXVariantGroup section */
		370F1B4620FEA79900F003F0 /* Main.storyboard */ = {
			isa = PBXVariantGroup;
			children = (
				370F1B4720FEA79900F003F0 /* Base */,
			);
			name = Main.storyboard;
			sourceTree = "<group>";
		};
		370F1B4B20FEA79B00F003F0 /* LaunchScreen.storyboard */ = {
			isa = PBXVariantGroup;
			children = (
				370F1B4C20FEA79B00F003F0 /* Base */,
			);
			name = LaunchScreen.storyboard;
			sourceTree = "<group>";
		};
/* End PBXVariantGroup section */

/* Begin XCBuildConfiguration section */
		370F1B4F20FEA79B00F003F0 /* Debug */ = {
			isa = XCBuildConfiguration;
			buildSettings = {
				ALWAYS_SEARCH_USER_PATHS = NO;
				CLANG_ANALYZER_NONNULL = YES;
				CLANG_ANALYZER_NUMBER_OBJECT_CONVERSION = YES_AGGRESSIVE;
				CLANG_CXX_LANGUAGE_STANDARD = "gnu++14";
				CLANG_CXX_LIBRARY = "libc++";
				CLANG_ENABLE_MODULES = YES;
				CLANG_ENABLE_OBJC_ARC = YES;
				CLANG_ENABLE_OBJC_WEAK = YES;
				CLANG_WARN_BLOCK_CAPTURE_AUTORELEASING = YES;
				CLANG_WARN_BOOL_CONVERSION = YES;
				CLANG_WARN_COMMA = YES;
				CLANG_WARN_CONSTANT_CONVERSION = YES;
				CLANG_WARN_DEPRECATED_OBJC_IMPLEMENTATIONS = YES;
				CLANG_WARN_DIRECT_OBJC_ISA_USAGE = YES_ERROR;
				CLANG_WARN_DOCUMENTATION_COMMENTS = YES;
				CLANG_WARN_EMPTY_BODY = YES;
				CLANG_WARN_ENUM_CONVERSION = YES;
				CLANG_WARN_INFINITE_RECURSION = YES;
				CLANG_WARN_INT_CONVERSION = YES;
				CLANG_WARN_NON_LITERAL_NULL_CONVERSION = YES;
				CLANG_WARN_OBJC_IMPLICIT_RETAIN_SELF = YES;
				CLANG_WARN_OBJC_LITERAL_CONVERSION = YES;
				CLANG_WARN_OBJC_ROOT_CLASS = YES_ERROR;
				CLANG_WARN_RANGE_LOOP_ANALYSIS = YES;
				CLANG_WARN_STRICT_PROTOTYPES = YES;
				CLANG_WARN_SUSPICIOUS_MOVE = YES;
				CLANG_WARN_UNGUARDED_AVAILABILITY = YES_AGGRESSIVE;
				CLANG_WARN_UNREACHABLE_CODE = YES;
				CLANG_WARN__DUPLICATE_METHOD_MATCH = YES;
				CODE_SIGN_IDENTITY = "iPhone Developer";
				COPY_PHASE_STRIP = NO;
				DEBUG_INFORMATION_FORMAT = dwarf;
				ENABLE_STRICT_OBJC_MSGSEND = YES;
				ENABLE_TESTABILITY = YES;
				GCC_C_LANGUAGE_STANDARD = gnu11;
				GCC_DYNAMIC_NO_PIC = NO;
				GCC_NO_COMMON_BLOCKS = YES;
				GCC_OPTIMIZATION_LEVEL = 0;
				GCC_PREPROCESSOR_DEFINITIONS = (
					"DEBUG=1",
					"$(inherited)",
				);
				GCC_WARN_64_TO_32_BIT_CONVERSION = YES;
				GCC_WARN_ABOUT_RETURN_TYPE = YES_ERROR;
				GCC_WARN_UNDECLARED_SELECTOR = YES;
				GCC_WARN_UNINITIALIZED_AUTOS = YES_AGGRESSIVE;
				GCC_WARN_UNUSED_FUNCTION = YES;
				GCC_WARN_UNUSED_VARIABLE = YES;
				IPHONEOS_DEPLOYMENT_TARGET = 11.4;
				MTL_ENABLE_DEBUG_INFO = YES;
				ONLY_ACTIVE_ARCH = YES;
				SDKROOT = iphoneos;
				SWIFT_ACTIVE_COMPILATION_CONDITIONS = DEBUG;
				SWIFT_OPTIMIZATION_LEVEL = "-Onone";
			};
			name = Debug;
		};
		370F1B5020FEA79B00F003F0 /* Release */ = {
			isa = XCBuildConfiguration;
			buildSettings = {
				ALWAYS_SEARCH_USER_PATHS = NO;
				CLANG_ANALYZER_NONNULL = YES;
				CLANG_ANALYZER_NUMBER_OBJECT_CONVERSION = YES_AGGRESSIVE;
				CLANG_CXX_LANGUAGE_STANDARD = "gnu++14";
				CLANG_CXX_LIBRARY = "libc++";
				CLANG_ENABLE_MODULES = YES;
				CLANG_ENABLE_OBJC_ARC = YES;
				CLANG_ENABLE_OBJC_WEAK = YES;
				CLANG_WARN_BLOCK_CAPTURE_AUTORELEASING = YES;
				CLANG_WARN_BOOL_CONVERSION = YES;
				CLANG_WARN_COMMA = YES;
				CLANG_WARN_CONSTANT_CONVERSION = YES;
				CLANG_WARN_DEPRECATED_OBJC_IMPLEMENTATIONS = YES;
				CLANG_WARN_DIRECT_OBJC_ISA_USAGE = YES_ERROR;
				CLANG_WARN_DOCUMENTATION_COMMENTS = YES;
				CLANG_WARN_EMPTY_BODY = YES;
				CLANG_WARN_ENUM_CONVERSION = YES;
				CLANG_WARN_INFINITE_RECURSION = YES;
				CLANG_WARN_INT_CONVERSION = YES;
				CLANG_WARN_NON_LITERAL_NULL_CONVERSION = YES;
				CLANG_WARN_OBJC_IMPLICIT_RETAIN_SELF = YES;
				CLANG_WARN_OBJC_LITERAL_CONVERSION = YES;
				CLANG_WARN_OBJC_ROOT_CLASS = YES_ERROR;
				CLANG_WARN_RANGE_LOOP_ANALYSIS = YES;
				CLANG_WARN_STRICT_PROTOTYPES = YES;
				CLANG_WARN_SUSPICIOUS_MOVE = YES;
				CLANG_WARN_UNGUARDED_AVAILABILITY = YES_AGGRESSIVE;
				CLANG_WARN_UNREACHABLE_CODE = YES;
				CLANG_WARN__DUPLICATE_METHOD_MATCH = YES;
				CODE_SIGN_IDENTITY = "iPhone Developer";
				COPY_PHASE_STRIP = NO;
				DEBUG_INFORMATION_FORMAT = "dwarf-with-dsym";
				ENABLE_NS_ASSERTIONS = NO;
				ENABLE_STRICT_OBJC_MSGSEND = YES;
				GCC_C_LANGUAGE_STANDARD = gnu11;
				GCC_NO_COMMON_BLOCKS = YES;
				GCC_WARN_64_TO_32_BIT_CONVERSION = YES;
				GCC_WARN_ABOUT_RETURN_TYPE = YES_ERROR;
				GCC_WARN_UNDECLARED_SELECTOR = YES;
				GCC_WARN_UNINITIALIZED_AUTOS = YES_AGGRESSIVE;
				GCC_WARN_UNUSED_FUNCTION = YES;
				GCC_WARN_UNUSED_VARIABLE = YES;
				IPHONEOS_DEPLOYMENT_TARGET = 11.4;
				MTL_ENABLE_DEBUG_INFO = NO;
				SDKROOT = iphoneos;
				SWIFT_COMPILATION_MODE = wholemodule;
				SWIFT_OPTIMIZATION_LEVEL = "-O";
				VALIDATE_PRODUCT = YES;
			};
			name = Release;
		};
		370F1B5220FEA79B00F003F0 /* Debug */ = {
			isa = XCBuildConfiguration;
			buildSettings = {
				ASSETCATALOG_COMPILER_APPICON_NAME = AppIcon;
				CODE_SIGN_STYLE = Automatic;
				INFOPLIST_FILE = shamaz/Info.plist;
				LD_RUNPATH_SEARCH_PATHS = (
					"$(inherited)",
					"@executable_path/Frameworks",
				);
				PRODUCT_BUNDLE_IDENTIFIER = "com.lucas-industries.shamaz";
				PRODUCT_NAME = "$(TARGET_NAME)";
				SWIFT_VERSION = 4.0;
				TARGETED_DEVICE_FAMILY = "1,2";
			};
			name = Debug;
		};
		370F1B5320FEA79B00F003F0 /* Release */ = {
			isa = XCBuildConfiguration;
			buildSettings = {
				ASSETCATALOG_COMPILER_APPICON_NAME = AppIcon;
				CODE_SIGN_STYLE = Automatic;
				INFOPLIST_FILE = shamaz/Info.plist;
				LD_RUNPATH_SEARCH_PATHS = (
					"$(inherited)",
					"@executable_path/Frameworks",
				);
				PRODUCT_BUNDLE_IDENTIFIER = "com.lucas-industries.shamaz";
				PRODUCT_NAME = "$(TARGET_NAME)";
				SWIFT_VERSION = 4.0;
				TARGETED_DEVICE_FAMILY = "1,2";
			};
			name = Release;
		};
/* End XCBuildConfiguration section */

/* Begin XCConfigurationList section */
		370F1B3A20FEA79800F003F0 /* Build configuration list for PBXProject "shamaz" */ = {
			isa = XCConfigurationList;
			buildConfigurations = (
				370F1B4F20FEA79B00F003F0 /* Debug */,
				370F1B5020FEA79B00F003F0 /* Release */,
			);
			defaultConfigurationIsVisible = 0;
			defaultConfigurationName = Release;
		};
		370F1B5120FEA79B00F003F0 /* Build configuration list for PBXNativeTarget "shamaz" */ = {
			isa = XCConfigurationList;
			buildConfigurations = (
				370F1B5220FEA79B00F003F0 /* Debug */,
				370F1B5320FEA79B00F003F0 /* Release */,
			);
			defaultConfigurationIsVisible = 0;
			defaultConfigurationName = Release;
		};
/* End XCConfigurationList section */
	};
	rootObject = 370F1B3720FEA79800F003F0 /* Project object */;
}
